// !$*UTF8*$!
{
	archiveVersion = 1;
	classes = {
	};
	objectVersion = 51;
	objects = {

/* Begin PBXBuildFile section */
		CA171B62225330070042BBDC /* AppDelegate.swift in Sources */ = {isa = PBXBuildFile; fileRef = CA171B61225330070042BBDC /* AppDelegate.swift */; };
		CA171B67225330070042BBDC /* Main.storyboard in Resources */ = {isa = PBXBuildFile; fileRef = CA171B65225330070042BBDC /* Main.storyboard */; };
		CA171B69225330090042BBDC /* Assets.xcassets in Resources */ = {isa = PBXBuildFile; fileRef = CA171B68225330090042BBDC /* Assets.xcassets */; };
		CA171B6C225330090042BBDC /* LaunchScreen.storyboard in Resources */ = {isa = PBXBuildFile; fileRef = CA171B6A225330090042BBDC /* LaunchScreen.storyboard */; };
		CA171B78225339E90042BBDC /* HCTabBarViewController.swift in Sources */ = {isa = PBXBuildFile; fileRef = CA171B77225339E90042BBDC /* HCTabBarViewController.swift */; };
		CA171B7B22533B290042BBDC /* UIStoryboard+Extension.swift in Sources */ = {isa = PBXBuildFile; fileRef = CA171B7A22533B290042BBDC /* UIStoryboard+Extension.swift */; };
		CA171B7D22533D5D0042BBDC /* UIImage+Extension.swift in Sources */ = {isa = PBXBuildFile; fileRef = CA171B7C22533D5D0042BBDC /* UIImage+Extension.swift */; };
		CA171B7F22533FA50042BBDC /* Cards.storyboard in Resources */ = {isa = PBXBuildFile; fileRef = CA171B7E22533FA50042BBDC /* Cards.storyboard */; };
		CA171B812253407A0042BBDC /* Discounts.storyboard in Resources */ = {isa = PBXBuildFile; fileRef = CA171B802253407A0042BBDC /* Discounts.storyboard */; };
		CA171B832253408F0042BBDC /* Wallet.storyboard in Resources */ = {isa = PBXBuildFile; fileRef = CA171B822253408F0042BBDC /* Wallet.storyboard */; };
		CA171B852253409A0042BBDC /* QA.storyboard in Resources */ = {isa = PBXBuildFile; fileRef = CA171B842253409A0042BBDC /* QA.storyboard */; };
		CA171B8822534F6D0042BBDC /* DRecommViewController.swift in Sources */ = {isa = PBXBuildFile; fileRef = CA171B8722534F6D0042BBDC /* DRecommViewController.swift */; };
		CA171B8D22534FF30042BBDC /* DiscountsViewController.swift in Sources */ = {isa = PBXBuildFile; fileRef = CA171B8C22534FF30042BBDC /* DiscountsViewController.swift */; };
		CA171B92225350350042BBDC /* CardsViewController.swift in Sources */ = {isa = PBXBuildFile; fileRef = CA171B91225350350042BBDC /* CardsViewController.swift */; };
		CA171B94225350450042BBDC /* WalletViewController.swift in Sources */ = {isa = PBXBuildFile; fileRef = CA171B93225350450042BBDC /* WalletViewController.swift */; };
		CA171B96225350510042BBDC /* QAViewController.swift in Sources */ = {isa = PBXBuildFile; fileRef = CA171B95225350510042BBDC /* QAViewController.swift */; };
		CA171B9B2253A0910042BBDC /* DRecommTableViewHeaderCell.swift in Sources */ = {isa = PBXBuildFile; fileRef = CA171B9A2253A0910042BBDC /* DRecommTableViewHeaderCell.swift */; };
		CA171B9D22544E330042BBDC /* DRecommTableViewContentCell.swift in Sources */ = {isa = PBXBuildFile; fileRef = CA171B9C22544E330042BBDC /* DRecommTableViewContentCell.swift */; };
		CA171BA0225457BA0042BBDC /* UITableView+Extension.swift in Sources */ = {isa = PBXBuildFile; fileRef = CA171B9F225457BA0042BBDC /* UITableView+Extension.swift */; };
		CA171BA82254C2D60042BBDC /* UICollectionView+Extension.swift in Sources */ = {isa = PBXBuildFile; fileRef = CA171BA72254C2D60042BBDC /* UICollectionView+Extension.swift */; };
		CA171BA92254C9160042BBDC /* DRecommendation.storyboard in Resources */ = {isa = PBXBuildFile; fileRef = CA171B74225334260042BBDC /* DRecommendation.storyboard */; };
		CA171BAC2254CBB60042BBDC /* DRecommCollectionViewCell.swift in Sources */ = {isa = PBXBuildFile; fileRef = CA171BA32254BC990042BBDC /* DRecommCollectionViewCell.swift */; };
		CA171BAD2254CBC70042BBDC /* DRecommTopViewController.swift in Sources */ = {isa = PBXBuildFile; fileRef = CA171BA52254BED90042BBDC /* DRecommTopViewController.swift */; };
		CA171BAF2255A1120042BBDC /* UIView+Extension.swift in Sources */ = {isa = PBXBuildFile; fileRef = CA171BAE2255A1120042BBDC /* UIView+Extension.swift */; };
		CA171BB22255EDFF0042BBDC /* HCBaseViewController.swift in Sources */ = {isa = PBXBuildFile; fileRef = CA171BB12255EDFF0042BBDC /* HCBaseViewController.swift */; };
		CA2D6B0322647BD600C25883 /* QueryDocumentSnapshot+Extension.swift in Sources */ = {isa = PBXBuildFile; fileRef = CA2D6B0222647BD600C25883 /* QueryDocumentSnapshot+Extension.swift */; };
		CA2F7DC322563872005E4361 /* Filter.storyboard in Resources */ = {isa = PBXBuildFile; fileRef = CA2F7DC222563872005E4361 /* Filter.storyboard */; };
		CA2F7DC6225638D7005E4361 /* FilterViewController.swift in Sources */ = {isa = PBXBuildFile; fileRef = CA2F7DC5225638D7005E4361 /* FilterViewController.swift */; };
		CA2F7DD42256F04B005E4361 /* FilterIconCollectionViewCell.swift in Sources */ = {isa = PBXBuildFile; fileRef = CA2F7DD32256F04B005E4361 /* FilterIconCollectionViewCell.swift */; };
		CA2F7DD62256FA0D005E4361 /* UIScreen+Extension.swift in Sources */ = {isa = PBXBuildFile; fileRef = CA2F7DD52256FA0D005E4361 /* UIScreen+Extension.swift */; };
		CA2F7DD82257793A005E4361 /* FilterTextCollectionViewCell.swift in Sources */ = {isa = PBXBuildFile; fileRef = CA2F7DD72257793A005E4361 /* FilterTextCollectionViewCell.swift */; };
		CA2F7DDB22579B8B005E4361 /* CardInfoTableViewCell.swift in Sources */ = {isa = PBXBuildFile; fileRef = CA2F7DDA22579B8B005E4361 /* CardInfoTableViewCell.swift */; };
		CA323DB522684C57007A39FD /* HCParser.swift in Sources */ = {isa = PBXBuildFile; fileRef = CA323DB422684C57007A39FD /* HCParser.swift */; };
		CA38706A2269BC6700D06B90 /* DiscountObject.swift in Sources */ = {isa = PBXBuildFile; fileRef = CA3870692269BC6700D06B90 /* DiscountObject.swift */; };
		CA47A184225AF7CD00AD16AF /* CardDetailViewController.swift in Sources */ = {isa = PBXBuildFile; fileRef = CA47A183225AF7CD00AD16AF /* CardDetailViewController.swift */; };
		CA47A187225B133F00AD16AF /* CardTagCollectionViewCell.swift in Sources */ = {isa = PBXBuildFile; fileRef = CA47A185225B133F00AD16AF /* CardTagCollectionViewCell.swift */; };
		CA47A188225B133F00AD16AF /* CardTagCollectionViewCell.xib in Resources */ = {isa = PBXBuildFile; fileRef = CA47A186225B133F00AD16AF /* CardTagCollectionViewCell.xib */; };
		CA47A18A225B332C00AD16AF /* CardDetailTableViewHeaderView.swift in Sources */ = {isa = PBXBuildFile; fileRef = CA47A189225B332C00AD16AF /* CardDetailTableViewHeaderView.swift */; };
		CA47A18E225B3CEA00AD16AF /* CardDetailTableViewHeaderView.xib in Resources */ = {isa = PBXBuildFile; fileRef = CA47A18D225B3CEA00AD16AF /* CardDetailTableViewHeaderView.xib */; };
		CA47A190225B42C000AD16AF /* CardDetailContentTableViewCell.swift in Sources */ = {isa = PBXBuildFile; fileRef = CA47A18F225B42C000AD16AF /* CardDetailContentTableViewCell.swift */; };
		CA6B5C6C2266B89100B180A2 /* HCConstant.swift in Sources */ = {isa = PBXBuildFile; fileRef = CA6B5C6B2266B89100B180A2 /* HCConstant.swift */; };
		CA6B5C6E2266FF3F00B180A2 /* KingfisherWrapper.swift in Sources */ = {isa = PBXBuildFile; fileRef = CA6B5C6D2266FF3F00B180A2 /* KingfisherWrapper.swift */; };
		CA6B5C7122670D2700B180A2 /* HTTPCilent.swift in Sources */ = {isa = PBXBuildFile; fileRef = CA6B5C7022670D2700B180A2 /* HTTPCilent.swift */; };
		CA6B5C732267141100B180A2 /* Bundle+Extension.swift in Sources */ = {isa = PBXBuildFile; fileRef = CA6B5C722267141100B180A2 /* Bundle+Extension.swift */; };
		CA6B5C752267599E00B180A2 /* CardProvider.swift in Sources */ = {isa = PBXBuildFile; fileRef = CA6B5C742267599E00B180A2 /* CardProvider.swift */; };
		CA6B5C7722675BC300B180A2 /* CardRequest.swift in Sources */ = {isa = PBXBuildFile; fileRef = CA6B5C7622675BC300B180A2 /* CardRequest.swift */; };
		CA70B0672261D69D008F631B /* CardObject.swift in Sources */ = {isa = PBXBuildFile; fileRef = CA70B0662261D69D008F631B /* CardObject.swift */; };
		CAF40392225C77E20037F1DD /* DiscountCollectionViewCell.swift in Sources */ = {isa = PBXBuildFile; fileRef = CAF40390225C77E20037F1DD /* DiscountCollectionViewCell.swift */; };
		CAF58D83225C81D800818CDD /* DiscountCollectionViewCell.xib in Resources */ = {isa = PBXBuildFile; fileRef = CAF58D82225C81D800818CDD /* DiscountCollectionViewCell.xib */; };
		CAF58D85225C974C00818CDD /* DiscountsTopViewController.swift in Sources */ = {isa = PBXBuildFile; fileRef = CAF58D84225C974C00818CDD /* DiscountsTopViewController.swift */; };
		CAF58D88225CA1AB00818CDD /* MoreDiscountViewController.swift in Sources */ = {isa = PBXBuildFile; fileRef = CAF58D87225CA1AB00818CDD /* MoreDiscountViewController.swift */; };
		CAF58D8A225CD97D00818CDD /* UIImageView+Extension.swift in Sources */ = {isa = PBXBuildFile; fileRef = CAF58D89225CD97D00818CDD /* UIImageView+Extension.swift */; };
		CAF58D8C225DB41000818CDD /* DiscountsTableViewCell.swift in Sources */ = {isa = PBXBuildFile; fileRef = CAF58D8B225DB41000818CDD /* DiscountsTableViewCell.swift */; };
		CAFE8279225DE3BD004F4E63 /* DiscountDetailViewController.swift in Sources */ = {isa = PBXBuildFile; fileRef = CAFE8278225DE3BD004F4E63 /* DiscountDetailViewController.swift */; };
		CAFE827B225DF071004F4E63 /* DiscountDetailTableViewHeaderFooterView.swift in Sources */ = {isa = PBXBuildFile; fileRef = CAFE827A225DF071004F4E63 /* DiscountDetailTableViewHeaderFooterView.swift */; };
		CAFE827D225DF081004F4E63 /* DiscountDetailTableViewHeaderFooterView.xib in Resources */ = {isa = PBXBuildFile; fileRef = CAFE827C225DF081004F4E63 /* DiscountDetailTableViewHeaderFooterView.xib */; };
		CAFE827F225DF304004F4E63 /* DiscountDetailContentTableViewCell.swift in Sources */ = {isa = PBXBuildFile; fileRef = CAFE827E225DF304004F4E63 /* DiscountDetailContentTableViewCell.swift */; };
		CAFE8281225E09CD004F4E63 /* DiscountLikedListViewController.swift in Sources */ = {isa = PBXBuildFile; fileRef = CAFE8280225E09CD004F4E63 /* DiscountLikedListViewController.swift */; };
		CAFE8283225E3CE8004F4E63 /* DiscountLikedListTableViewCell.swift in Sources */ = {isa = PBXBuildFile; fileRef = CAFE8282225E3CE8004F4E63 /* DiscountLikedListTableViewCell.swift */; };
		CAFE8285225EE349004F4E63 /* Auth.storyboard in Resources */ = {isa = PBXBuildFile; fileRef = CAFE8284225EE349004F4E63 /* Auth.storyboard */; };
		CAFE8287225F1D93004F4E63 /* GoogleService-Info.plist in Resources */ = {isa = PBXBuildFile; fileRef = CAFE8286225F1D92004F4E63 /* GoogleService-Info.plist */; };
		CAFE828A225F3C9D004F4E63 /* SignUpViewController.swift in Sources */ = {isa = PBXBuildFile; fileRef = CAFE8289225F3C9D004F4E63 /* SignUpViewController.swift */; };
		CAFE828C22603F15004F4E63 /* UIViewController+Extention.swift in Sources */ = {isa = PBXBuildFile; fileRef = CAFE828B22603F15004F4E63 /* UIViewController+Extention.swift */; };
		CAFE828E22605F99004F4E63 /* SignInViewController.swift in Sources */ = {isa = PBXBuildFile; fileRef = CAFE828D22605F99004F4E63 /* SignInViewController.swift */; };
		CAFE829222607D8F004F4E63 /* BankObject.swift in Sources */ = {isa = PBXBuildFile; fileRef = CAFE829122607D8F004F4E63 /* BankObject.swift */; };
		CAFE829522608051004F4E63 /* FirebaseManager.swift in Sources */ = {isa = PBXBuildFile; fileRef = CAFE829422608051004F4E63 /* FirebaseManager.swift */; };
		F046E3020440D087E1F00B31 /* Pods_HowCarD_.framework in Frameworks */ = {isa = PBXBuildFile; fileRef = 96A471D918A639FEEC5AA07E /* Pods_HowCarD_.framework */; };
/* End PBXBuildFile section */

/* Begin PBXFileReference section */
		5B5A0842CFBB48209D25D8D8 /* Pods-HowCarD+.debug.xcconfig */ = {isa = PBXFileReference; includeInIndex = 1; lastKnownFileType = text.xcconfig; name = "Pods-HowCarD+.debug.xcconfig"; path = "Target Support Files/Pods-HowCarD+/Pods-HowCarD+.debug.xcconfig"; sourceTree = "<group>"; };
		6F7DA0CF1E2FC5FC71E1B720 /* Pods-HowCarD+.release.xcconfig */ = {isa = PBXFileReference; includeInIndex = 1; lastKnownFileType = text.xcconfig; name = "Pods-HowCarD+.release.xcconfig"; path = "Target Support Files/Pods-HowCarD+/Pods-HowCarD+.release.xcconfig"; sourceTree = "<group>"; };
		96A471D918A639FEEC5AA07E /* Pods_HowCarD_.framework */ = {isa = PBXFileReference; explicitFileType = wrapper.framework; includeInIndex = 0; path = Pods_HowCarD_.framework; sourceTree = BUILT_PRODUCTS_DIR; };
		CA171B5E225330070042BBDC /* HowCarD+.app */ = {isa = PBXFileReference; explicitFileType = wrapper.application; includeInIndex = 0; path = "HowCarD+.app"; sourceTree = BUILT_PRODUCTS_DIR; };
		CA171B61225330070042BBDC /* AppDelegate.swift */ = {isa = PBXFileReference; lastKnownFileType = sourcecode.swift; path = AppDelegate.swift; sourceTree = "<group>"; };
		CA171B66225330070042BBDC /* Base */ = {isa = PBXFileReference; lastKnownFileType = file.storyboard; name = Base; path = Base.lproj/Main.storyboard; sourceTree = "<group>"; };
		CA171B68225330090042BBDC /* Assets.xcassets */ = {isa = PBXFileReference; lastKnownFileType = folder.assetcatalog; path = Assets.xcassets; sourceTree = "<group>"; };
		CA171B6B225330090042BBDC /* Base */ = {isa = PBXFileReference; lastKnownFileType = file.storyboard; name = Base; path = Base.lproj/LaunchScreen.storyboard; sourceTree = "<group>"; };
		CA171B6D225330090042BBDC /* Info.plist */ = {isa = PBXFileReference; lastKnownFileType = text.plist.xml; path = Info.plist; sourceTree = "<group>"; };
		CA171B74225334260042BBDC /* DRecommendation.storyboard */ = {isa = PBXFileReference; lastKnownFileType = file.storyboard; path = DRecommendation.storyboard; sourceTree = "<group>"; };
		CA171B77225339E90042BBDC /* HCTabBarViewController.swift */ = {isa = PBXFileReference; lastKnownFileType = sourcecode.swift; path = HCTabBarViewController.swift; sourceTree = "<group>"; };
		CA171B7A22533B290042BBDC /* UIStoryboard+Extension.swift */ = {isa = PBXFileReference; lastKnownFileType = sourcecode.swift; path = "UIStoryboard+Extension.swift"; sourceTree = "<group>"; };
		CA171B7C22533D5D0042BBDC /* UIImage+Extension.swift */ = {isa = PBXFileReference; lastKnownFileType = sourcecode.swift; path = "UIImage+Extension.swift"; sourceTree = "<group>"; };
		CA171B7E22533FA50042BBDC /* Cards.storyboard */ = {isa = PBXFileReference; lastKnownFileType = file.storyboard; path = Cards.storyboard; sourceTree = "<group>"; };
		CA171B802253407A0042BBDC /* Discounts.storyboard */ = {isa = PBXFileReference; lastKnownFileType = file.storyboard; path = Discounts.storyboard; sourceTree = "<group>"; };
		CA171B822253408F0042BBDC /* Wallet.storyboard */ = {isa = PBXFileReference; lastKnownFileType = file.storyboard; path = Wallet.storyboard; sourceTree = "<group>"; };
		CA171B842253409A0042BBDC /* QA.storyboard */ = {isa = PBXFileReference; lastKnownFileType = file.storyboard; path = QA.storyboard; sourceTree = "<group>"; };
		CA171B8722534F6D0042BBDC /* DRecommViewController.swift */ = {isa = PBXFileReference; lastKnownFileType = sourcecode.swift; path = DRecommViewController.swift; sourceTree = "<group>"; };
		CA171B8C22534FF30042BBDC /* DiscountsViewController.swift */ = {isa = PBXFileReference; lastKnownFileType = sourcecode.swift; path = DiscountsViewController.swift; sourceTree = "<group>"; };
		CA171B91225350350042BBDC /* CardsViewController.swift */ = {isa = PBXFileReference; lastKnownFileType = sourcecode.swift; path = CardsViewController.swift; sourceTree = "<group>"; };
		CA171B93225350450042BBDC /* WalletViewController.swift */ = {isa = PBXFileReference; lastKnownFileType = sourcecode.swift; path = WalletViewController.swift; sourceTree = "<group>"; };
		CA171B95225350510042BBDC /* QAViewController.swift */ = {isa = PBXFileReference; lastKnownFileType = sourcecode.swift; path = QAViewController.swift; sourceTree = "<group>"; };
		CA171B9A2253A0910042BBDC /* DRecommTableViewHeaderCell.swift */ = {isa = PBXFileReference; lastKnownFileType = sourcecode.swift; path = DRecommTableViewHeaderCell.swift; sourceTree = "<group>"; };
		CA171B9C22544E330042BBDC /* DRecommTableViewContentCell.swift */ = {isa = PBXFileReference; lastKnownFileType = sourcecode.swift; path = DRecommTableViewContentCell.swift; sourceTree = "<group>"; };
		CA171B9F225457BA0042BBDC /* UITableView+Extension.swift */ = {isa = PBXFileReference; lastKnownFileType = sourcecode.swift; path = "UITableView+Extension.swift"; sourceTree = "<group>"; };
		CA171BA32254BC990042BBDC /* DRecommCollectionViewCell.swift */ = {isa = PBXFileReference; lastKnownFileType = sourcecode.swift; path = DRecommCollectionViewCell.swift; sourceTree = "<group>"; };
		CA171BA52254BED90042BBDC /* DRecommTopViewController.swift */ = {isa = PBXFileReference; lastKnownFileType = sourcecode.swift; path = DRecommTopViewController.swift; sourceTree = "<group>"; };
		CA171BA72254C2D60042BBDC /* UICollectionView+Extension.swift */ = {isa = PBXFileReference; lastKnownFileType = sourcecode.swift; path = "UICollectionView+Extension.swift"; sourceTree = "<group>"; };
		CA171BAE2255A1120042BBDC /* UIView+Extension.swift */ = {isa = PBXFileReference; lastKnownFileType = sourcecode.swift; path = "UIView+Extension.swift"; sourceTree = "<group>"; };
		CA171BB12255EDFF0042BBDC /* HCBaseViewController.swift */ = {isa = PBXFileReference; lastKnownFileType = sourcecode.swift; path = HCBaseViewController.swift; sourceTree = "<group>"; };
		CA2D6B0222647BD600C25883 /* QueryDocumentSnapshot+Extension.swift */ = {isa = PBXFileReference; lastKnownFileType = sourcecode.swift; path = "QueryDocumentSnapshot+Extension.swift"; sourceTree = "<group>"; };
		CA2F7DC222563872005E4361 /* Filter.storyboard */ = {isa = PBXFileReference; lastKnownFileType = file.storyboard; path = Filter.storyboard; sourceTree = "<group>"; };
		CA2F7DC5225638D7005E4361 /* FilterViewController.swift */ = {isa = PBXFileReference; lastKnownFileType = sourcecode.swift; path = FilterViewController.swift; sourceTree = "<group>"; };
		CA2F7DD32256F04B005E4361 /* FilterIconCollectionViewCell.swift */ = {isa = PBXFileReference; lastKnownFileType = sourcecode.swift; path = FilterIconCollectionViewCell.swift; sourceTree = "<group>"; };
		CA2F7DD52256FA0D005E4361 /* UIScreen+Extension.swift */ = {isa = PBXFileReference; lastKnownFileType = sourcecode.swift; path = "UIScreen+Extension.swift"; sourceTree = "<group>"; };
		CA2F7DD72257793A005E4361 /* FilterTextCollectionViewCell.swift */ = {isa = PBXFileReference; lastKnownFileType = sourcecode.swift; path = FilterTextCollectionViewCell.swift; sourceTree = "<group>"; };
		CA2F7DDA22579B8B005E4361 /* CardInfoTableViewCell.swift */ = {isa = PBXFileReference; lastKnownFileType = sourcecode.swift; path = CardInfoTableViewCell.swift; sourceTree = "<group>"; };
		CA323DB422684C57007A39FD /* HCParser.swift */ = {isa = PBXFileReference; lastKnownFileType = sourcecode.swift; path = HCParser.swift; sourceTree = "<group>"; };
		CA3870692269BC6700D06B90 /* DiscountObject.swift */ = {isa = PBXFileReference; lastKnownFileType = sourcecode.swift; path = DiscountObject.swift; sourceTree = "<group>"; };
		CA47A183225AF7CD00AD16AF /* CardDetailViewController.swift */ = {isa = PBXFileReference; lastKnownFileType = sourcecode.swift; path = CardDetailViewController.swift; sourceTree = "<group>"; };
		CA47A185225B133F00AD16AF /* CardTagCollectionViewCell.swift */ = {isa = PBXFileReference; lastKnownFileType = sourcecode.swift; path = CardTagCollectionViewCell.swift; sourceTree = "<group>"; };
		CA47A186225B133F00AD16AF /* CardTagCollectionViewCell.xib */ = {isa = PBXFileReference; lastKnownFileType = file.xib; path = CardTagCollectionViewCell.xib; sourceTree = "<group>"; };
		CA47A189225B332C00AD16AF /* CardDetailTableViewHeaderView.swift */ = {isa = PBXFileReference; lastKnownFileType = sourcecode.swift; path = CardDetailTableViewHeaderView.swift; sourceTree = "<group>"; };
		CA47A18D225B3CEA00AD16AF /* CardDetailTableViewHeaderView.xib */ = {isa = PBXFileReference; lastKnownFileType = file.xib; path = CardDetailTableViewHeaderView.xib; sourceTree = "<group>"; };
		CA47A18F225B42C000AD16AF /* CardDetailContentTableViewCell.swift */ = {isa = PBXFileReference; lastKnownFileType = sourcecode.swift; path = CardDetailContentTableViewCell.swift; sourceTree = "<group>"; };
		CA6B5C6B2266B89100B180A2 /* HCConstant.swift */ = {isa = PBXFileReference; lastKnownFileType = sourcecode.swift; path = HCConstant.swift; sourceTree = "<group>"; };
		CA6B5C6D2266FF3F00B180A2 /* KingfisherWrapper.swift */ = {isa = PBXFileReference; lastKnownFileType = sourcecode.swift; path = KingfisherWrapper.swift; sourceTree = "<group>"; };
		CA6B5C7022670D2700B180A2 /* HTTPCilent.swift */ = {isa = PBXFileReference; lastKnownFileType = sourcecode.swift; path = HTTPCilent.swift; sourceTree = "<group>"; };
		CA6B5C722267141100B180A2 /* Bundle+Extension.swift */ = {isa = PBXFileReference; lastKnownFileType = sourcecode.swift; path = "Bundle+Extension.swift"; sourceTree = "<group>"; };
		CA6B5C742267599E00B180A2 /* CardProvider.swift */ = {isa = PBXFileReference; lastKnownFileType = sourcecode.swift; path = CardProvider.swift; sourceTree = "<group>"; };
		CA6B5C7622675BC300B180A2 /* CardRequest.swift */ = {isa = PBXFileReference; lastKnownFileType = sourcecode.swift; path = CardRequest.swift; sourceTree = "<group>"; };
		CA70B0662261D69D008F631B /* CardObject.swift */ = {isa = PBXFileReference; lastKnownFileType = sourcecode.swift; path = CardObject.swift; sourceTree = "<group>"; };
		CAF40390225C77E20037F1DD /* DiscountCollectionViewCell.swift */ = {isa = PBXFileReference; lastKnownFileType = sourcecode.swift; path = DiscountCollectionViewCell.swift; sourceTree = "<group>"; };
		CAF58D82225C81D800818CDD /* DiscountCollectionViewCell.xib */ = {isa = PBXFileReference; fileEncoding = 4; lastKnownFileType = file.xib; path = DiscountCollectionViewCell.xib; sourceTree = "<group>"; };
		CAF58D84225C974C00818CDD /* DiscountsTopViewController.swift */ = {isa = PBXFileReference; lastKnownFileType = sourcecode.swift; path = DiscountsTopViewController.swift; sourceTree = "<group>"; };
		CAF58D87225CA1AB00818CDD /* MoreDiscountViewController.swift */ = {isa = PBXFileReference; lastKnownFileType = sourcecode.swift; path = MoreDiscountViewController.swift; sourceTree = "<group>"; };
		CAF58D89225CD97D00818CDD /* UIImageView+Extension.swift */ = {isa = PBXFileReference; lastKnownFileType = sourcecode.swift; path = "UIImageView+Extension.swift"; sourceTree = "<group>"; };
		CAF58D8B225DB41000818CDD /* DiscountsTableViewCell.swift */ = {isa = PBXFileReference; lastKnownFileType = sourcecode.swift; path = DiscountsTableViewCell.swift; sourceTree = "<group>"; };
		CAFE8278225DE3BD004F4E63 /* DiscountDetailViewController.swift */ = {isa = PBXFileReference; lastKnownFileType = sourcecode.swift; path = DiscountDetailViewController.swift; sourceTree = "<group>"; };
		CAFE827A225DF071004F4E63 /* DiscountDetailTableViewHeaderFooterView.swift */ = {isa = PBXFileReference; lastKnownFileType = sourcecode.swift; path = DiscountDetailTableViewHeaderFooterView.swift; sourceTree = "<group>"; };
		CAFE827C225DF081004F4E63 /* DiscountDetailTableViewHeaderFooterView.xib */ = {isa = PBXFileReference; lastKnownFileType = file.xib; path = DiscountDetailTableViewHeaderFooterView.xib; sourceTree = "<group>"; };
		CAFE827E225DF304004F4E63 /* DiscountDetailContentTableViewCell.swift */ = {isa = PBXFileReference; lastKnownFileType = sourcecode.swift; path = DiscountDetailContentTableViewCell.swift; sourceTree = "<group>"; };
		CAFE8280225E09CD004F4E63 /* DiscountLikedListViewController.swift */ = {isa = PBXFileReference; lastKnownFileType = sourcecode.swift; path = DiscountLikedListViewController.swift; sourceTree = "<group>"; };
		CAFE8282225E3CE8004F4E63 /* DiscountLikedListTableViewCell.swift */ = {isa = PBXFileReference; lastKnownFileType = sourcecode.swift; path = DiscountLikedListTableViewCell.swift; sourceTree = "<group>"; };
		CAFE8284225EE349004F4E63 /* Auth.storyboard */ = {isa = PBXFileReference; lastKnownFileType = file.storyboard; path = Auth.storyboard; sourceTree = "<group>"; };
		CAFE8286225F1D92004F4E63 /* GoogleService-Info.plist */ = {isa = PBXFileReference; fileEncoding = 4; lastKnownFileType = text.plist.xml; path = "GoogleService-Info.plist"; sourceTree = "<group>"; };
		CAFE8289225F3C9D004F4E63 /* SignUpViewController.swift */ = {isa = PBXFileReference; lastKnownFileType = sourcecode.swift; path = SignUpViewController.swift; sourceTree = "<group>"; };
		CAFE828B22603F15004F4E63 /* UIViewController+Extention.swift */ = {isa = PBXFileReference; lastKnownFileType = sourcecode.swift; path = "UIViewController+Extention.swift"; sourceTree = "<group>"; };
		CAFE828D22605F99004F4E63 /* SignInViewController.swift */ = {isa = PBXFileReference; lastKnownFileType = sourcecode.swift; path = SignInViewController.swift; sourceTree = "<group>"; };
		CAFE829122607D8F004F4E63 /* BankObject.swift */ = {isa = PBXFileReference; lastKnownFileType = sourcecode.swift; path = BankObject.swift; sourceTree = "<group>"; };
		CAFE829422608051004F4E63 /* FirebaseManager.swift */ = {isa = PBXFileReference; lastKnownFileType = sourcecode.swift; path = FirebaseManager.swift; sourceTree = "<group>"; };
/* End PBXFileReference section */

/* Begin PBXFrameworksBuildPhase section */
		CA171B5B225330070042BBDC /* Frameworks */ = {
			isa = PBXFrameworksBuildPhase;
			buildActionMask = 2147483647;
			files = (
				F046E3020440D087E1F00B31 /* Pods_HowCarD_.framework in Frameworks */,
			);
			runOnlyForDeploymentPostprocessing = 0;
		};
/* End PBXFrameworksBuildPhase section */

/* Begin PBXGroup section */
		5F0C69AD3C32B6788442842C /* Pods */ = {
			isa = PBXGroup;
			children = (
				5B5A0842CFBB48209D25D8D8 /* Pods-HowCarD+.debug.xcconfig */,
				6F7DA0CF1E2FC5FC71E1B720 /* Pods-HowCarD+.release.xcconfig */,
			);
			path = Pods;
			sourceTree = "<group>";
		};
		9B533D92812688D9B683595E /* Frameworks */ = {
			isa = PBXGroup;
			children = (
				96A471D918A639FEEC5AA07E /* Pods_HowCarD_.framework */,
			);
			name = Frameworks;
			sourceTree = "<group>";
		};
		CA171B55225330070042BBDC = {
			isa = PBXGroup;
			children = (
				CA171B60225330070042BBDC /* HowCarD+ */,
				CA171B5F225330070042BBDC /* Products */,
				5F0C69AD3C32B6788442842C /* Pods */,
				9B533D92812688D9B683595E /* Frameworks */,
			);
			sourceTree = "<group>";
		};
		CA171B5F225330070042BBDC /* Products */ = {
			isa = PBXGroup;
			children = (
				CA171B5E225330070042BBDC /* HowCarD+.app */,
			);
			name = Products;
			sourceTree = "<group>";
		};
		CA171B60225330070042BBDC /* HowCarD+ */ = {
			isa = PBXGroup;
			children = (
				CAFE829322608028004F4E63 /* ThirdPartyWrapper */,
				CA171B7922533B110042BBDC /* Extension */,
				CAFE828F22607D56004F4E63 /* Model */,
				CA171B76225339900042BBDC /* Controller */,
				CA171B732253333D0042BBDC /* View */,
				CA171B61225330070042BBDC /* AppDelegate.swift */,
				CA171B6A225330090042BBDC /* LaunchScreen.storyboard */,
				CA171B6D225330090042BBDC /* Info.plist */,
				CAFE8286225F1D92004F4E63 /* GoogleService-Info.plist */,
			);
			path = "HowCarD+";
			sourceTree = "<group>";
		};
		CA171B732253333D0042BBDC /* View */ = {
			isa = PBXGroup;
			children = (
				CA171B992253623F0042BBDC /* DRecommendation */,
				CAF4038F225C77B40037F1DD /* Discounts */,
				CA2F7DD922579B58005E4361 /* Cards */,
				CA2F7DD22256F029005E4361 /* Filter */,
				CA6B5C692266B83300B180A2 /* Resource */,
				CA171B65225330070042BBDC /* Main.storyboard */,
				CA171B74225334260042BBDC /* DRecommendation.storyboard */,
				CA171B802253407A0042BBDC /* Discounts.storyboard */,
				CA171B7E22533FA50042BBDC /* Cards.storyboard */,
				CA171B822253408F0042BBDC /* Wallet.storyboard */,
				CA171B842253409A0042BBDC /* QA.storyboard */,
				CA2F7DC222563872005E4361 /* Filter.storyboard */,
				CAFE8284225EE349004F4E63 /* Auth.storyboard */,
			);
			path = View;
			sourceTree = "<group>";
		};
		CA171B76225339900042BBDC /* Controller */ = {
			isa = PBXGroup;
			children = (
				CAFE8288225F3C7E004F4E63 /* Auth */,
				CA171BB02255EDEB0042BBDC /* Base */,
				CA171B8622534F440042BBDC /* DRecommendation */,
				CA171B8B22534FE20042BBDC /* Discounts */,
				CA171B8E225350090042BBDC /* Cards */,
				CA171B8F225350140042BBDC /* Wallet */,
				CA171B902253501F0042BBDC /* QA */,
				CA2F7DC4225638BD005E4361 /* Filter */,
			);
			path = Controller;
			sourceTree = "<group>";
		};
		CA171B7922533B110042BBDC /* Extension */ = {
			isa = PBXGroup;
			children = (
				CA171B7A22533B290042BBDC /* UIStoryboard+Extension.swift */,
				CA171B7C22533D5D0042BBDC /* UIImage+Extension.swift */,
				CA171B9F225457BA0042BBDC /* UITableView+Extension.swift */,
				CA171BA72254C2D60042BBDC /* UICollectionView+Extension.swift */,
				CA171BAE2255A1120042BBDC /* UIView+Extension.swift */,
				CA2F7DD52256FA0D005E4361 /* UIScreen+Extension.swift */,
				CAF58D89225CD97D00818CDD /* UIImageView+Extension.swift */,
				CAFE828B22603F15004F4E63 /* UIViewController+Extention.swift */,
				CA2D6B0222647BD600C25883 /* QueryDocumentSnapshot+Extension.swift */,
				CA6B5C722267141100B180A2 /* Bundle+Extension.swift */,
			);
			path = Extension;
			sourceTree = "<group>";
		};
		CA171B8622534F440042BBDC /* DRecommendation */ = {
			isa = PBXGroup;
			children = (
				CA171B8722534F6D0042BBDC /* DRecommViewController.swift */,
				CA171BA52254BED90042BBDC /* DRecommTopViewController.swift */,
			);
			path = DRecommendation;
			sourceTree = "<group>";
		};
		CA171B8B22534FE20042BBDC /* Discounts */ = {
			isa = PBXGroup;
			children = (
				CA171B8C22534FF30042BBDC /* DiscountsViewController.swift */,
				CAF58D84225C974C00818CDD /* DiscountsTopViewController.swift */,
				CAF58D87225CA1AB00818CDD /* MoreDiscountViewController.swift */,
				CAFE8278225DE3BD004F4E63 /* DiscountDetailViewController.swift */,
				CAFE8280225E09CD004F4E63 /* DiscountLikedListViewController.swift */,
			);
			path = Discounts;
			sourceTree = "<group>";
		};
		CA171B8E225350090042BBDC /* Cards */ = {
			isa = PBXGroup;
			children = (
				CA171B91225350350042BBDC /* CardsViewController.swift */,
				CA47A183225AF7CD00AD16AF /* CardDetailViewController.swift */,
			);
			path = Cards;
			sourceTree = "<group>";
		};
		CA171B8F225350140042BBDC /* Wallet */ = {
			isa = PBXGroup;
			children = (
				CA171B93225350450042BBDC /* WalletViewController.swift */,
			);
			path = Wallet;
			sourceTree = "<group>";
		};
		CA171B902253501F0042BBDC /* QA */ = {
			isa = PBXGroup;
			children = (
				CA171B95225350510042BBDC /* QAViewController.swift */,
			);
			path = QA;
			sourceTree = "<group>";
		};
		CA171B992253623F0042BBDC /* DRecommendation */ = {
			isa = PBXGroup;
			children = (
				CA171B9A2253A0910042BBDC /* DRecommTableViewHeaderCell.swift */,
				CA171B9C22544E330042BBDC /* DRecommTableViewContentCell.swift */,
				CA171BA32254BC990042BBDC /* DRecommCollectionViewCell.swift */,
			);
			path = DRecommendation;
			sourceTree = "<group>";
		};
		CA171BB02255EDEB0042BBDC /* Base */ = {
			isa = PBXGroup;
			children = (
				CA171B77225339E90042BBDC /* HCTabBarViewController.swift */,
				CA171BB12255EDFF0042BBDC /* HCBaseViewController.swift */,
			);
			path = Base;
			sourceTree = "<group>";
		};
		CA2F7DC4225638BD005E4361 /* Filter */ = {
			isa = PBXGroup;
			children = (
				CA2F7DC5225638D7005E4361 /* FilterViewController.swift */,
			);
			path = Filter;
			sourceTree = "<group>";
		};
		CA2F7DD22256F029005E4361 /* Filter */ = {
			isa = PBXGroup;
			children = (
				CA2F7DD32256F04B005E4361 /* FilterIconCollectionViewCell.swift */,
				CA2F7DD72257793A005E4361 /* FilterTextCollectionViewCell.swift */,
			);
			path = Filter;
			sourceTree = "<group>";
		};
		CA2F7DD922579B58005E4361 /* Cards */ = {
			isa = PBXGroup;
			children = (
				CA2F7DDA22579B8B005E4361 /* CardInfoTableViewCell.swift */,
				CA47A185225B133F00AD16AF /* CardTagCollectionViewCell.swift */,
				CA47A186225B133F00AD16AF /* CardTagCollectionViewCell.xib */,
				CA47A189225B332C00AD16AF /* CardDetailTableViewHeaderView.swift */,
				CA47A18D225B3CEA00AD16AF /* CardDetailTableViewHeaderView.xib */,
				CA47A18F225B42C000AD16AF /* CardDetailContentTableViewCell.swift */,
			);
			path = Cards;
			sourceTree = "<group>";
		};
		CA3870682269BC4800D06B90 /* Discount */ = {
			isa = PBXGroup;
			children = (
				CA3870692269BC6700D06B90 /* DiscountObject.swift */,
			);
			path = Discount;
			sourceTree = "<group>";
		};
		CA6B5C692266B83300B180A2 /* Resource */ = {
			isa = PBXGroup;
			children = (
				CA6B5C6A2266B85500B180A2 /* Constant */,
				CA171B68225330090042BBDC /* Assets.xcassets */,
			);
			path = Resource;
			sourceTree = "<group>";
		};
		CA6B5C6A2266B85500B180A2 /* Constant */ = {
			isa = PBXGroup;
			children = (
				CA6B5C6B2266B89100B180A2 /* HCConstant.swift */,
			);
			path = Constant;
			sourceTree = "<group>";
		};
		CA6B5C6F22670CE900B180A2 /* HTTP */ = {
			isa = PBXGroup;
			children = (
				CA6B5C7022670D2700B180A2 /* HTTPCilent.swift */,
			);
			path = HTTP;
			sourceTree = "<group>";
		};
		CA6B5C9F22684B9000B180A2 /* Parser */ = {
			isa = PBXGroup;
			children = (
				CA323DB422684C57007A39FD /* HCParser.swift */,
			);
			path = Parser;
			sourceTree = "<group>";
		};
		CA70B0642261D67F008F631B /* Card */ = {
			isa = PBXGroup;
			children = (
				CA70B0662261D69D008F631B /* CardObject.swift */,
				CA6B5C742267599E00B180A2 /* CardProvider.swift */,
				CA6B5C7622675BC300B180A2 /* CardRequest.swift */,
			);
			path = Card;
			sourceTree = "<group>";
		};
		CAF4038F225C77B40037F1DD /* Discounts */ = {
			isa = PBXGroup;
			children = (
				CAF40390225C77E20037F1DD /* DiscountCollectionViewCell.swift */,
				CAF58D82225C81D800818CDD /* DiscountCollectionViewCell.xib */,
				CAF58D8B225DB41000818CDD /* DiscountsTableViewCell.swift */,
				CAFE827C225DF081004F4E63 /* DiscountDetailTableViewHeaderFooterView.xib */,
				CAFE827A225DF071004F4E63 /* DiscountDetailTableViewHeaderFooterView.swift */,
				CAFE827E225DF304004F4E63 /* DiscountDetailContentTableViewCell.swift */,
				CAFE8282225E3CE8004F4E63 /* DiscountLikedListTableViewCell.swift */,
			);
			path = Discounts;
			sourceTree = "<group>";
		};
		CAF42EDC2265CD7D0071D104 /* FirebaseManager */ = {
			isa = PBXGroup;
			children = (
				CAFE829422608051004F4E63 /* FirebaseManager.swift */,
			);
			path = FirebaseManager;
			sourceTree = "<group>";
		};
		CAFE8288225F3C7E004F4E63 /* Auth */ = {
			isa = PBXGroup;
			children = (
				CAFE8289225F3C9D004F4E63 /* SignUpViewController.swift */,
				CAFE828D22605F99004F4E63 /* SignInViewController.swift */,
			);
			path = Auth;
			sourceTree = "<group>";
		};
		CAFE828F22607D56004F4E63 /* Model */ = {
			isa = PBXGroup;
			children = (
				CA6B5C9F22684B9000B180A2 /* Parser */,
				CA6B5C6F22670CE900B180A2 /* HTTP */,
				CAF42EDC2265CD7D0071D104 /* FirebaseManager */,
				CA70B0642261D67F008F631B /* Card */,
				CA3870682269BC4800D06B90 /* Discount */,
				CAFE829022607D7D004F4E63 /* Bank */,
			);
			path = Model;
			sourceTree = "<group>";
		};
		CAFE829022607D7D004F4E63 /* Bank */ = {
			isa = PBXGroup;
			children = (
				CAFE829122607D8F004F4E63 /* BankObject.swift */,
			);
			path = Bank;
			sourceTree = "<group>";
		};
		CAFE829322608028004F4E63 /* ThirdPartyWrapper */ = {
			isa = PBXGroup;
			children = (
				CA6B5C6D2266FF3F00B180A2 /* KingfisherWrapper.swift */,
			);
			path = ThirdPartyWrapper;
			sourceTree = "<group>";
		};
/* End PBXGroup section */

/* Begin PBXNativeTarget section */
		CA171B5D225330070042BBDC /* HowCarD+ */ = {
			isa = PBXNativeTarget;
			buildConfigurationList = CA171B70225330090042BBDC /* Build configuration list for PBXNativeTarget "HowCarD+" */;
			buildPhases = (
				CD0F633685A7239F2420F725 /* [CP] Check Pods Manifest.lock */,
				CA171B5A225330070042BBDC /* Sources */,
				CA171B5B225330070042BBDC /* Frameworks */,
				CA171B5C225330070042BBDC /* Resources */,
				7D56C79157EB607B436A3214 /* [CP] Embed Pods Frameworks */,
				CAF58D86225C994E00818CDD /* SwiftLint */,
			);
			buildRules = (
			);
			dependencies = (
			);
			name = "HowCarD+";
			productName = HowCarD;
			productReference = CA171B5E225330070042BBDC /* HowCarD+.app */;
			productType = "com.apple.product-type.application";
		};
/* End PBXNativeTarget section */

/* Begin PBXProject section */
		CA171B56225330070042BBDC /* Project object */ = {
			isa = PBXProject;
			attributes = {
				LastSwiftUpdateCheck = 1020;
				LastUpgradeCheck = 1020;
				ORGANIZATIONNAME = lohsts;
				TargetAttributes = {
					CA171B5D225330070042BBDC = {
						CreatedOnToolsVersion = 10.2;
					};
				};
			};
			buildConfigurationList = CA171B59225330070042BBDC /* Build configuration list for PBXProject "HowCarD+" */;
			compatibilityVersion = "Xcode 9.3";
			developmentRegion = en;
			hasScannedForEncodings = 0;
			knownRegions = (
				en,
				Base,
			);
			mainGroup = CA171B55225330070042BBDC;
			productRefGroup = CA171B5F225330070042BBDC /* Products */;
			projectDirPath = "";
			projectRoot = "";
			targets = (
				CA171B5D225330070042BBDC /* HowCarD+ */,
			);
		};
/* End PBXProject section */

/* Begin PBXResourcesBuildPhase section */
		CA171B5C225330070042BBDC /* Resources */ = {
			isa = PBXResourcesBuildPhase;
			buildActionMask = 2147483647;
			files = (
				CA171B6C225330090042BBDC /* LaunchScreen.storyboard in Resources */,
				CA171B832253408F0042BBDC /* Wallet.storyboard in Resources */,
				CAFE8287225F1D93004F4E63 /* GoogleService-Info.plist in Resources */,
				CA2F7DC322563872005E4361 /* Filter.storyboard in Resources */,
				CAFE8285225EE349004F4E63 /* Auth.storyboard in Resources */,
				CA171BA92254C9160042BBDC /* DRecommendation.storyboard in Resources */,
				CAFE827D225DF081004F4E63 /* DiscountDetailTableViewHeaderFooterView.xib in Resources */,
				CA171B69225330090042BBDC /* Assets.xcassets in Resources */,
				CAF58D83225C81D800818CDD /* DiscountCollectionViewCell.xib in Resources */,
				CA171B7F22533FA50042BBDC /* Cards.storyboard in Resources */,
				CA171B67225330070042BBDC /* Main.storyboard in Resources */,
				CA47A188225B133F00AD16AF /* CardTagCollectionViewCell.xib in Resources */,
				CA171B852253409A0042BBDC /* QA.storyboard in Resources */,
				CA171B812253407A0042BBDC /* Discounts.storyboard in Resources */,
				CA47A18E225B3CEA00AD16AF /* CardDetailTableViewHeaderView.xib in Resources */,
			);
			runOnlyForDeploymentPostprocessing = 0;
		};
/* End PBXResourcesBuildPhase section */

/* Begin PBXShellScriptBuildPhase section */
		7D56C79157EB607B436A3214 /* [CP] Embed Pods Frameworks */ = {
			isa = PBXShellScriptBuildPhase;
			buildActionMask = 2147483647;
			files = (
			);
			inputFileListPaths = (
				"${PODS_ROOT}/Target Support Files/Pods-HowCarD+/Pods-HowCarD+-frameworks-${CONFIGURATION}-input-files.xcfilelist",
			);
			name = "[CP] Embed Pods Frameworks";
			outputFileListPaths = (
				"${PODS_ROOT}/Target Support Files/Pods-HowCarD+/Pods-HowCarD+-frameworks-${CONFIGURATION}-output-files.xcfilelist",
			);
			runOnlyForDeploymentPostprocessing = 0;
			shellPath = /bin/sh;
			shellScript = "\"${PODS_ROOT}/Target Support Files/Pods-HowCarD+/Pods-HowCarD+-frameworks.sh\"\n";
			showEnvVarsInLog = 0;
		};
		CAF58D86225C994E00818CDD /* SwiftLint */ = {
			isa = PBXShellScriptBuildPhase;
			buildActionMask = 2147483647;
			files = (
			);
			inputFileListPaths = (
			);
			inputPaths = (
			);
			name = SwiftLint;
			outputFileListPaths = (
			);
			outputPaths = (
			);
			runOnlyForDeploymentPostprocessing = 0;
			shellPath = /bin/sh;
			shellScript = "\"${PODS_ROOT}/SwiftLint/swiftlint\"\n";
		};
		CD0F633685A7239F2420F725 /* [CP] Check Pods Manifest.lock */ = {
			isa = PBXShellScriptBuildPhase;
			buildActionMask = 2147483647;
			files = (
			);
			inputFileListPaths = (
			);
			inputPaths = (
				"${PODS_PODFILE_DIR_PATH}/Podfile.lock",
				"${PODS_ROOT}/Manifest.lock",
			);
			name = "[CP] Check Pods Manifest.lock";
			outputFileListPaths = (
			);
			outputPaths = (
				"$(DERIVED_FILE_DIR)/Pods-HowCarD+-checkManifestLockResult.txt",
			);
			runOnlyForDeploymentPostprocessing = 0;
			shellPath = /bin/sh;
			shellScript = "diff \"${PODS_PODFILE_DIR_PATH}/Podfile.lock\" \"${PODS_ROOT}/Manifest.lock\" > /dev/null\nif [ $? != 0 ] ; then\n    # print error to STDERR\n    echo \"error: The sandbox is not in sync with the Podfile.lock. Run 'pod install' or update your CocoaPods installation.\" >&2\n    exit 1\nfi\n# This output is used by Xcode 'outputs' to avoid re-running this script phase.\necho \"SUCCESS\" > \"${SCRIPT_OUTPUT_FILE_0}\"\n";
			showEnvVarsInLog = 0;
		};
/* End PBXShellScriptBuildPhase section */

/* Begin PBXSourcesBuildPhase section */
		CA171B5A225330070042BBDC /* Sources */ = {
			isa = PBXSourcesBuildPhase;
			buildActionMask = 2147483647;
			files = (
				CA6B5C7722675BC300B180A2 /* CardRequest.swift in Sources */,
				CAFE8283225E3CE8004F4E63 /* DiscountLikedListTableViewCell.swift in Sources */,
				CA171BA82254C2D60042BBDC /* UICollectionView+Extension.swift in Sources */,
				CA2F7DD62256FA0D005E4361 /* UIScreen+Extension.swift in Sources */,
				CA171B92225350350042BBDC /* CardsViewController.swift in Sources */,
				CA2F7DDB22579B8B005E4361 /* CardInfoTableViewCell.swift in Sources */,
				CAFE828E22605F99004F4E63 /* SignInViewController.swift in Sources */,
				CA2D6B0322647BD600C25883 /* QueryDocumentSnapshot+Extension.swift in Sources */,
				CA6B5C732267141100B180A2 /* Bundle+Extension.swift in Sources */,
				CA171BAF2255A1120042BBDC /* UIView+Extension.swift in Sources */,
				CA2F7DD42256F04B005E4361 /* FilterIconCollectionViewCell.swift in Sources */,
				CA47A190225B42C000AD16AF /* CardDetailContentTableViewCell.swift in Sources */,
				CAFE828C22603F15004F4E63 /* UIViewController+Extention.swift in Sources */,
				CA171B62225330070042BBDC /* AppDelegate.swift in Sources */,
				CA171B8822534F6D0042BBDC /* DRecommViewController.swift in Sources */,
				CA70B0672261D69D008F631B /* CardObject.swift in Sources */,
				CA171B7D22533D5D0042BBDC /* UIImage+Extension.swift in Sources */,
				CA171BAD2254CBC70042BBDC /* DRecommTopViewController.swift in Sources */,
				CAFE829222607D8F004F4E63 /* BankObject.swift in Sources */,
				CA171BB22255EDFF0042BBDC /* HCBaseViewController.swift in Sources */,
				CAF58D85225C974C00818CDD /* DiscountsTopViewController.swift in Sources */,
				CA171B94225350450042BBDC /* WalletViewController.swift in Sources */,
				CA47A184225AF7CD00AD16AF /* CardDetailViewController.swift in Sources */,
				CA38706A2269BC6700D06B90 /* DiscountObject.swift in Sources */,
				CAFE827F225DF304004F4E63 /* DiscountDetailContentTableViewCell.swift in Sources */,
				CAFE827B225DF071004F4E63 /* DiscountDetailTableViewHeaderFooterView.swift in Sources */,
				CA323DB522684C57007A39FD /* HCParser.swift in Sources */,
				CA171BAC2254CBB60042BBDC /* DRecommCollectionViewCell.swift in Sources */,
				CA171B96225350510042BBDC /* QAViewController.swift in Sources */,
				CAF40392225C77E20037F1DD /* DiscountCollectionViewCell.swift in Sources */,
				CA171B7B22533B290042BBDC /* UIStoryboard+Extension.swift in Sources */,
				CAFE8281225E09CD004F4E63 /* DiscountLikedListViewController.swift in Sources */,
				CA2F7DC6225638D7005E4361 /* FilterViewController.swift in Sources */,
				CA171B8D22534FF30042BBDC /* DiscountsViewController.swift in Sources */,
				CAF58D8C225DB41000818CDD /* DiscountsTableViewCell.swift in Sources */,
				CAF58D88225CA1AB00818CDD /* MoreDiscountViewController.swift in Sources */,
				CAF58D8A225CD97D00818CDD /* UIImageView+Extension.swift in Sources */,
				CA6B5C752267599E00B180A2 /* CardProvider.swift in Sources */,
				CAFE8279225DE3BD004F4E63 /* DiscountDetailViewController.swift in Sources */,
				CA47A187225B133F00AD16AF /* CardTagCollectionViewCell.swift in Sources */,
				CA171B9B2253A0910042BBDC /* DRecommTableViewHeaderCell.swift in Sources */,
				CA6B5C6C2266B89100B180A2 /* HCConstant.swift in Sources */,
				CA171B78225339E90042BBDC /* HCTabBarViewController.swift in Sources */,
				CA47A18A225B332C00AD16AF /* CardDetailTableViewHeaderView.swift in Sources */,
				CA171B9D22544E330042BBDC /* DRecommTableViewContentCell.swift in Sources */,
				CAFE829522608051004F4E63 /* FirebaseManager.swift in Sources */,
				CA6B5C6E2266FF3F00B180A2 /* KingfisherWrapper.swift in Sources */,
				CA6B5C7122670D2700B180A2 /* HTTPCilent.swift in Sources */,
				CA171BA0225457BA0042BBDC /* UITableView+Extension.swift in Sources */,
				CA2F7DD82257793A005E4361 /* FilterTextCollectionViewCell.swift in Sources */,
				CAFE828A225F3C9D004F4E63 /* SignUpViewController.swift in Sources */,
			);
			runOnlyForDeploymentPostprocessing = 0;
		};
/* End PBXSourcesBuildPhase section */

/* Begin PBXVariantGroup section */
		CA171B65225330070042BBDC /* Main.storyboard */ = {
			isa = PBXVariantGroup;
			children = (
				CA171B66225330070042BBDC /* Base */,
			);
			name = Main.storyboard;
			sourceTree = "<group>";
		};
		CA171B6A225330090042BBDC /* LaunchScreen.storyboard */ = {
			isa = PBXVariantGroup;
			children = (
				CA171B6B225330090042BBDC /* Base */,
			);
			name = LaunchScreen.storyboard;
			sourceTree = "<group>";
		};
/* End PBXVariantGroup section */

/* Begin XCBuildConfiguration section */
		CA171B6E225330090042BBDC /* Debug */ = {
			isa = XCBuildConfiguration;
			buildSettings = {
				ALWAYS_SEARCH_USER_PATHS = NO;
				CLANG_ANALYZER_NONNULL = YES;
				CLANG_ANALYZER_NUMBER_OBJECT_CONVERSION = YES_AGGRESSIVE;
				CLANG_CXX_LANGUAGE_STANDARD = "gnu++14";
				CLANG_CXX_LIBRARY = "libc++";
				CLANG_ENABLE_MODULES = YES;
				CLANG_ENABLE_OBJC_ARC = YES;
				CLANG_ENABLE_OBJC_WEAK = YES;
				CLANG_WARN_BLOCK_CAPTURE_AUTORELEASING = YES;
				CLANG_WARN_BOOL_CONVERSION = YES;
				CLANG_WARN_COMMA = YES;
				CLANG_WARN_CONSTANT_CONVERSION = YES;
				CLANG_WARN_DEPRECATED_OBJC_IMPLEMENTATIONS = YES;
				CLANG_WARN_DIRECT_OBJC_ISA_USAGE = YES_ERROR;
				CLANG_WARN_DOCUMENTATION_COMMENTS = YES;
				CLANG_WARN_EMPTY_BODY = YES;
				CLANG_WARN_ENUM_CONVERSION = YES;
				CLANG_WARN_INFINITE_RECURSION = YES;
				CLANG_WARN_INT_CONVERSION = YES;
				CLANG_WARN_NON_LITERAL_NULL_CONVERSION = YES;
				CLANG_WARN_OBJC_IMPLICIT_RETAIN_SELF = YES;
				CLANG_WARN_OBJC_LITERAL_CONVERSION = YES;
				CLANG_WARN_OBJC_ROOT_CLASS = YES_ERROR;
				CLANG_WARN_RANGE_LOOP_ANALYSIS = YES;
				CLANG_WARN_STRICT_PROTOTYPES = YES;
				CLANG_WARN_SUSPICIOUS_MOVE = YES;
				CLANG_WARN_UNGUARDED_AVAILABILITY = YES_AGGRESSIVE;
				CLANG_WARN_UNREACHABLE_CODE = YES;
				CLANG_WARN__DUPLICATE_METHOD_MATCH = YES;
				CODE_SIGN_IDENTITY = "iPhone Developer";
				COPY_PHASE_STRIP = NO;
				DEBUG_INFORMATION_FORMAT = dwarf;
				ENABLE_STRICT_OBJC_MSGSEND = YES;
				ENABLE_TESTABILITY = YES;
				GCC_C_LANGUAGE_STANDARD = gnu11;
				GCC_DYNAMIC_NO_PIC = NO;
				GCC_NO_COMMON_BLOCKS = YES;
				GCC_OPTIMIZATION_LEVEL = 0;
				GCC_PREPROCESSOR_DEFINITIONS = (
					"DEBUG=1",
					"$(inherited)",
				);
				GCC_WARN_64_TO_32_BIT_CONVERSION = YES;
				GCC_WARN_ABOUT_RETURN_TYPE = YES_ERROR;
				GCC_WARN_UNDECLARED_SELECTOR = YES;
				GCC_WARN_UNINITIALIZED_AUTOS = YES_AGGRESSIVE;
				GCC_WARN_UNUSED_FUNCTION = YES;
				GCC_WARN_UNUSED_VARIABLE = YES;
				IPHONEOS_DEPLOYMENT_TARGET = 12.2;
				MTL_ENABLE_DEBUG_INFO = INCLUDE_SOURCE;
				MTL_FAST_MATH = YES;
				ONLY_ACTIVE_ARCH = YES;
				SDKROOT = iphoneos;
				SWIFT_ACTIVE_COMPILATION_CONDITIONS = DEBUG;
				SWIFT_OPTIMIZATION_LEVEL = "-Onone";
			};
			name = Debug;
		};
		CA171B6F225330090042BBDC /* Release */ = {
			isa = XCBuildConfiguration;
			buildSettings = {
				ALWAYS_SEARCH_USER_PATHS = NO;
				CLANG_ANALYZER_NONNULL = YES;
				CLANG_ANALYZER_NUMBER_OBJECT_CONVERSION = YES_AGGRESSIVE;
				CLANG_CXX_LANGUAGE_STANDARD = "gnu++14";
				CLANG_CXX_LIBRARY = "libc++";
				CLANG_ENABLE_MODULES = YES;
				CLANG_ENABLE_OBJC_ARC = YES;
				CLANG_ENABLE_OBJC_WEAK = YES;
				CLANG_WARN_BLOCK_CAPTURE_AUTORELEASING = YES;
				CLANG_WARN_BOOL_CONVERSION = YES;
				CLANG_WARN_COMMA = YES;
				CLANG_WARN_CONSTANT_CONVERSION = YES;
				CLANG_WARN_DEPRECATED_OBJC_IMPLEMENTATIONS = YES;
				CLANG_WARN_DIRECT_OBJC_ISA_USAGE = YES_ERROR;
				CLANG_WARN_DOCUMENTATION_COMMENTS = YES;
				CLANG_WARN_EMPTY_BODY = YES;
				CLANG_WARN_ENUM_CONVERSION = YES;
				CLANG_WARN_INFINITE_RECURSION = YES;
				CLANG_WARN_INT_CONVERSION = YES;
				CLANG_WARN_NON_LITERAL_NULL_CONVERSION = YES;
				CLANG_WARN_OBJC_IMPLICIT_RETAIN_SELF = YES;
				CLANG_WARN_OBJC_LITERAL_CONVERSION = YES;
				CLANG_WARN_OBJC_ROOT_CLASS = YES_ERROR;
				CLANG_WARN_RANGE_LOOP_ANALYSIS = YES;
				CLANG_WARN_STRICT_PROTOTYPES = YES;
				CLANG_WARN_SUSPICIOUS_MOVE = YES;
				CLANG_WARN_UNGUARDED_AVAILABILITY = YES_AGGRESSIVE;
				CLANG_WARN_UNREACHABLE_CODE = YES;
				CLANG_WARN__DUPLICATE_METHOD_MATCH = YES;
				CODE_SIGN_IDENTITY = "iPhone Developer";
				COPY_PHASE_STRIP = NO;
				DEBUG_INFORMATION_FORMAT = "dwarf-with-dsym";
				ENABLE_NS_ASSERTIONS = NO;
				ENABLE_STRICT_OBJC_MSGSEND = YES;
				GCC_C_LANGUAGE_STANDARD = gnu11;
				GCC_NO_COMMON_BLOCKS = YES;
				GCC_WARN_64_TO_32_BIT_CONVERSION = YES;
				GCC_WARN_ABOUT_RETURN_TYPE = YES_ERROR;
				GCC_WARN_UNDECLARED_SELECTOR = YES;
				GCC_WARN_UNINITIALIZED_AUTOS = YES_AGGRESSIVE;
				GCC_WARN_UNUSED_FUNCTION = YES;
				GCC_WARN_UNUSED_VARIABLE = YES;
				IPHONEOS_DEPLOYMENT_TARGET = 12.2;
				MTL_ENABLE_DEBUG_INFO = NO;
				MTL_FAST_MATH = YES;
				SDKROOT = iphoneos;
				SWIFT_COMPILATION_MODE = wholemodule;
				SWIFT_OPTIMIZATION_LEVEL = "-O";
				VALIDATE_PRODUCT = YES;
			};
			name = Release;
		};
		CA171B71225330090042BBDC /* Debug */ = {
			isa = XCBuildConfiguration;
			baseConfigurationReference = 5B5A0842CFBB48209D25D8D8 /* Pods-HowCarD+.debug.xcconfig */;
			buildSettings = {
				ASSETCATALOG_COMPILER_APPICON_NAME = AppIcon;
				CODE_SIGN_STYLE = Automatic;
				DEVELOPMENT_TEAM = 54Y59X3FBZ;
				INFOPLIST_FILE = "HowCarD+/Info.plist";
				IPHONEOS_DEPLOYMENT_TARGET = 12.1;
				LD_RUNPATH_SEARCH_PATHS = (
					"$(inherited)",
					"@executable_path/Frameworks",
				);
				PRODUCT_BUNDLE_IDENTIFIER = lohsts.HowCarD;
				PRODUCT_NAME = "$(TARGET_NAME)";
				SWIFT_VERSION = 5.0;
				TARGETED_DEVICE_FAMILY = "1,2";
			};
			name = Debug;
		};
		CA171B72225330090042BBDC /* Release */ = {
			isa = XCBuildConfiguration;
			baseConfigurationReference = 6F7DA0CF1E2FC5FC71E1B720 /* Pods-HowCarD+.release.xcconfig */;
			buildSettings = {
				ASSETCATALOG_COMPILER_APPICON_NAME = AppIcon;
				CODE_SIGN_STYLE = Automatic;
				DEVELOPMENT_TEAM = 54Y59X3FBZ;
				INFOPLIST_FILE = "HowCarD+/Info.plist";
				IPHONEOS_DEPLOYMENT_TARGET = 12.1;
				LD_RUNPATH_SEARCH_PATHS = (
					"$(inherited)",
					"@executable_path/Frameworks",
				);
				PRODUCT_BUNDLE_IDENTIFIER = lohsts.HowCarD;
				PRODUCT_NAME = "$(TARGET_NAME)";
				SWIFT_VERSION = 5.0;
				TARGETED_DEVICE_FAMILY = "1,2";
			};
			name = Release;
		};
/* End XCBuildConfiguration section */

/* Begin XCConfigurationList section */
		CA171B59225330070042BBDC /* Build configuration list for PBXProject "HowCarD+" */ = {
			isa = XCConfigurationList;
			buildConfigurations = (
				CA171B6E225330090042BBDC /* Debug */,
				CA171B6F225330090042BBDC /* Release */,
			);
			defaultConfigurationIsVisible = 0;
			defaultConfigurationName = Release;
		};
		CA171B70225330090042BBDC /* Build configuration list for PBXNativeTarget "HowCarD+" */ = {
			isa = XCConfigurationList;
			buildConfigurations = (
				CA171B71225330090042BBDC /* Debug */,
				CA171B72225330090042BBDC /* Release */,
			);
			defaultConfigurationIsVisible = 0;
			defaultConfigurationName = Release;
		};
/* End XCConfigurationList section */
	};
	rootObject = CA171B56225330070042BBDC /* Project object */;
}
